// !$*UTF8*$!
{
	archiveVersion = 1;
	classes = {
	};
	objectVersion = 55;
	objects = {

/* Begin PBXBuildFile section */
		891875ACC85279C79A2E4C45 /* Pods_RoboWallet.framework in Frameworks */ = {isa = PBXBuildFile; fileRef = 4F7337E8619BDE1C2DE1BBCF /* Pods_RoboWallet.framework */; };
		DB31433727315DF2006E7711 /* StatisticModel.swift in Sources */ = {isa = PBXBuildFile; fileRef = DB31433627315DF2006E7711 /* StatisticModel.swift */; };
		DB31433927315ED4006E7711 /* MarketDataService.swift in Sources */ = {isa = PBXBuildFile; fileRef = DB31433827315ED4006E7711 /* MarketDataService.swift */; };
		DB31433B27315F25006E7711 /* MarketDataModel.swift in Sources */ = {isa = PBXBuildFile; fileRef = DB31433A27315F25006E7711 /* MarketDataModel.swift */; };
		DB31433D27316012006E7711 /* HomeStats.swift in Sources */ = {isa = PBXBuildFile; fileRef = DB31433C27316012006E7711 /* HomeStats.swift */; };
		DB33B29B274E606D003E7457 /* PortfolioModel.swift in Sources */ = {isa = PBXBuildFile; fileRef = DB33B29A274E606D003E7457 /* PortfolioModel.swift */; };
		DB33B29D274E86EB003E7457 /* FirestoreService.swift in Sources */ = {isa = PBXBuildFile; fileRef = DB33B29C274E86EB003E7457 /* FirestoreService.swift */; };
		DB44F4F3275143CA00CEB462 /* UIColor.swift in Sources */ = {isa = PBXBuildFile; fileRef = DB44F4F2275143CA00CEB462 /* UIColor.swift */; };
		DB44F4F527559E1C00CEB462 /* Wallet.swift in Sources */ = {isa = PBXBuildFile; fileRef = DB44F4F427559E1C00CEB462 /* Wallet.swift */; };
		DB458AF02728681600BB2E8C /* Market.swift in Sources */ = {isa = PBXBuildFile; fileRef = DB458AEF2728681600BB2E8C /* Market.swift */; };
		DB458AF227289D1100BB2E8C /* SegmentedPicker.swift in Sources */ = {isa = PBXBuildFile; fileRef = DB458AF127289D1100BB2E8C /* SegmentedPicker.swift */; };
		DB4D10612729DF750016AFC9 /* CoinModel.swift in Sources */ = {isa = PBXBuildFile; fileRef = DB4D10602729DF750016AFC9 /* CoinModel.swift */; };
		DB4D10642729E1340016AFC9 /* Double.swift in Sources */ = {isa = PBXBuildFile; fileRef = DB4D10632729E1340016AFC9 /* Double.swift */; };
		DB4D10662729E6360016AFC9 /* CoinCard.swift in Sources */ = {isa = PBXBuildFile; fileRef = DB4D10652729E6360016AFC9 /* CoinCard.swift */; };
		DB4D10692729E72C0016AFC9 /* MarketViewModel.swift in Sources */ = {isa = PBXBuildFile; fileRef = DB4D10682729E72C0016AFC9 /* MarketViewModel.swift */; };
		DB4D106E2729E85E0016AFC9 /* CoinDataService.swift in Sources */ = {isa = PBXBuildFile; fileRef = DB4D106D2729E85E0016AFC9 /* CoinDataService.swift */; };
		DB4D10702729F27B0016AFC9 /* NetworkingManager.swift in Sources */ = {isa = PBXBuildFile; fileRef = DB4D106F2729F27B0016AFC9 /* NetworkingManager.swift */; };
		DB4D10722729F88F0016AFC9 /* CoinImageView.swift in Sources */ = {isa = PBXBuildFile; fileRef = DB4D10712729F88F0016AFC9 /* CoinImageView.swift */; };
		DB4D10762729FDFA0016AFC9 /* CoinImageService.swift in Sources */ = {isa = PBXBuildFile; fileRef = DB4D10752729FDFA0016AFC9 /* CoinImageService.swift */; };
		DB4D1078272A03660016AFC9 /* CoinImageViewModel.swift in Sources */ = {isa = PBXBuildFile; fileRef = DB4D1077272A03660016AFC9 /* CoinImageViewModel.swift */; };
		DB7112772727488E00D8E607 /* NavigationKit in Frameworks */ = {isa = PBXBuildFile; productRef = DB7112762727488E00D8E607 /* NavigationKit */; };
		DB71127A2727495300D8E607 /* FBUser.swift in Sources */ = {isa = PBXBuildFile; fileRef = DB7112792727495300D8E607 /* FBUser.swift */; };
		DB71127C2727496400D8E607 /* FBFireStore.swift in Sources */ = {isa = PBXBuildFile; fileRef = DB71127B2727496400D8E607 /* FBFireStore.swift */; };
		DB71127E2727496D00D8E607 /* FBFireStoreError.swift in Sources */ = {isa = PBXBuildFile; fileRef = DB71127D2727496D00D8E607 /* FBFireStoreError.swift */; };
		DB7112802727497500D8E607 /* FBKeys.swift in Sources */ = {isa = PBXBuildFile; fileRef = DB71127F2727497500D8E607 /* FBKeys.swift */; };
		DB77E6DB27260145009AE52C /* UserInfo.swift in Sources */ = {isa = PBXBuildFile; fileRef = DB77E6DA27260144009AE52C /* UserInfo.swift */; };
		DB801E012733016700580CE6 /* AddCoin.swift in Sources */ = {isa = PBXBuildFile; fileRef = DB801E002733016700580CE6 /* AddCoin.swift */; };
		DB801E052733068600580CE6 /* CoinLogo.swift in Sources */ = {isa = PBXBuildFile; fileRef = DB801E042733068600580CE6 /* CoinLogo.swift */; };
		DB8350BB2745607F0068D307 /* HomeViewModel.swift in Sources */ = {isa = PBXBuildFile; fileRef = DB8350BA2745607F0068D307 /* HomeViewModel.swift */; };
		DB8350C6274588740068D307 /* SwiftUIGIF in Frameworks */ = {isa = PBXBuildFile; productRef = DB8350C5274588740068D307 /* SwiftUIGIF */; };
		DB8350C827458A680068D307 /* btcGif.gif in Resources */ = {isa = PBXBuildFile; fileRef = DB8350C727458A680068D307 /* btcGif.gif */; };
		DB879C712762A1A3003BA697 /* SortFilterBar.swift in Sources */ = {isa = PBXBuildFile; fileRef = DB879C702762A1A3003BA697 /* SortFilterBar.swift */; };
		DB8C67BB27221DFD0006BF1B /* RoboWalletApp.swift in Sources */ = {isa = PBXBuildFile; fileRef = DB8C67BA27221DFD0006BF1B /* RoboWalletApp.swift */; };
		DB8C67BD27221DFD0006BF1B /* Login.swift in Sources */ = {isa = PBXBuildFile; fileRef = DB8C67BC27221DFD0006BF1B /* Login.swift */; };
		DB8C67BF27221DFF0006BF1B /* Assets.xcassets in Resources */ = {isa = PBXBuildFile; fileRef = DB8C67BE27221DFF0006BF1B /* Assets.xcassets */; };
		DB8C67C227221DFF0006BF1B /* Preview Assets.xcassets in Resources */ = {isa = PBXBuildFile; fileRef = DB8C67C127221DFF0006BF1B /* Preview Assets.xcassets */; };
		DBBE3AB7272751A6004A988D /* Profile.swift in Sources */ = {isa = PBXBuildFile; fileRef = DBBE3AB6272751A6004A988D /* Profile.swift */; };
		DBC80EBC27273A0D00B6291F /* UserViewModel.swift in Sources */ = {isa = PBXBuildFile; fileRef = DBC80EBB27273A0C00B6291F /* UserViewModel.swift */; };
		DBC80EBE27273BB700B6291F /* SignInWithAppleButtonView.swift in Sources */ = {isa = PBXBuildFile; fileRef = DBC80EBD27273BB700B6291F /* SignInWithAppleButtonView.swift */; };
		DBC80EC027273C0000B6291F /* GoogleService-Info.plist in Resources */ = {isa = PBXBuildFile; fileRef = DBC80EBF27273C0000B6291F /* GoogleService-Info.plist */; };
		DBC80EC527273EB600B6291F /* FBAuthError.swift in Sources */ = {isa = PBXBuildFile; fileRef = DBC80EC327273EB600B6291F /* FBAuthError.swift */; };
		DBC80EC627273EB600B6291F /* FBAuth.swift in Sources */ = {isa = PBXBuildFile; fileRef = DBC80EC427273EB600B6291F /* FBAuth.swift */; };
		DBD02995275E81CF000949A6 /* WalletViewModel.swift in Sources */ = {isa = PBXBuildFile; fileRef = DBD02994275E81CF000949A6 /* WalletViewModel.swift */; };
		DBE29F85276695BE00EECABA /* AlertToast in Frameworks */ = {isa = PBXBuildFile; productRef = DBE29F84276695BE00EECABA /* AlertToast */; };
		DBE3A837272438C600DE680A /* NavigationStep.swift in Sources */ = {isa = PBXBuildFile; fileRef = DBE3A836272438C600DE680A /* NavigationStep.swift */; };
		DBE3A8392724456D00DE680A /* NavigationDismissStep.swift in Sources */ = {isa = PBXBuildFile; fileRef = DBE3A8382724456D00DE680A /* NavigationDismissStep.swift */; };
		DBE3A84427245ED200DE680A /* ContentView.swift in Sources */ = {isa = PBXBuildFile; fileRef = DBE3A84327245ED200DE680A /* ContentView.swift */; };
		DBE3A847272461BF00DE680A /* Home.swift in Sources */ = {isa = PBXBuildFile; fileRef = DBE3A846272461BF00DE680A /* Home.swift */; };
		DBE3A849272464DE00DE680A /* TabBarView.swift in Sources */ = {isa = PBXBuildFile; fileRef = DBE3A848272464DE00DE680A /* TabBarView.swift */; };
		DBE3A84D27247CB800DE680A /* Constants.swift in Sources */ = {isa = PBXBuildFile; fileRef = DBE3A84C27247CB800DE680A /* Constants.swift */; };
		DBE3A84F2724935F00DE680A /* CoinWalletCard.swift in Sources */ = {isa = PBXBuildFile; fileRef = DBE3A84E2724935F00DE680A /* CoinWalletCard.swift */; };
		DBE3A8512724C37100DE680A /* ActionCard.swift in Sources */ = {isa = PBXBuildFile; fileRef = DBE3A8502724C37100DE680A /* ActionCard.swift */; };
		DBE57E5F272DEE83005490D4 /* LocalFileManager.swift in Sources */ = {isa = PBXBuildFile; fileRef = DBE57E5E272DEE83005490D4 /* LocalFileManager.swift */; };
		DBE57E61272DF6A3005490D4 /* SearchBarView.swift in Sources */ = {isa = PBXBuildFile; fileRef = DBE57E60272DF6A3005490D4 /* SearchBarView.swift */; };
		DBE57E63272DF758005490D4 /* UIApplication.swift in Sources */ = {isa = PBXBuildFile; fileRef = DBE57E62272DF758005490D4 /* UIApplication.swift */; };
		DBF446EA274591C10088E868 /* CustomScrollView.swift in Sources */ = {isa = PBXBuildFile; fileRef = DBF446E9274591C10088E868 /* CustomScrollView.swift */; };
		DBF446EC274593100088E868 /* HapticManager.swift in Sources */ = {isa = PBXBuildFile; fileRef = DBF446EB274593100088E868 /* HapticManager.swift */; };
		DBF446EE274595490088E868 /* Detail.swift in Sources */ = {isa = PBXBuildFile; fileRef = DBF446ED274595490088E868 /* Detail.swift */; };
		DBF446F027459A760088E868 /* CoinDetailModel.swift in Sources */ = {isa = PBXBuildFile; fileRef = DBF446EF27459A760088E868 /* CoinDetailModel.swift */; };
		DBF446F227459AE90088E868 /* CoinDetailViewModel.swift in Sources */ = {isa = PBXBuildFile; fileRef = DBF446F127459AE90088E868 /* CoinDetailViewModel.swift */; };
		DBF446F427459B130088E868 /* CoinDetailDataService.swift in Sources */ = {isa = PBXBuildFile; fileRef = DBF446F327459B130088E868 /* CoinDetailDataService.swift */; };
		DBF446F627459D310088E868 /* Date.swift in Sources */ = {isa = PBXBuildFile; fileRef = DBF446F527459D310088E868 /* Date.swift */; };
		DBF446F827459DF50088E868 /* String.swift in Sources */ = {isa = PBXBuildFile; fileRef = DBF446F727459DF50088E868 /* String.swift */; };
		DBF446FA27459E1F0088E868 /* CoinChart.swift in Sources */ = {isa = PBXBuildFile; fileRef = DBF446F927459E1F0088E868 /* CoinChart.swift */; };
		DBF446FF27468FAD0088E868 /* CoinConversionService.swift in Sources */ = {isa = PBXBuildFile; fileRef = DBF446FE27468FAD0088E868 /* CoinConversionService.swift */; };
		DBFCC475272332D200C399DE /* PrimaryButton.swift in Sources */ = {isa = PBXBuildFile; fileRef = DBFCC474272332D100C399DE /* PrimaryButton.swift */; };
		DBFCC47727237C3D00C399DE /* CustomInput.swift in Sources */ = {isa = PBXBuildFile; fileRef = DBFCC47627237C3D00C399DE /* CustomInput.swift */; };
		DBFCC47A27237CDA00C399DE /* BlurredBackground.swift in Sources */ = {isa = PBXBuildFile; fileRef = DBFCC47927237CDA00C399DE /* BlurredBackground.swift */; };
		DBFCC47C27237D2C00C399DE /* SignUp.swift in Sources */ = {isa = PBXBuildFile; fileRef = DBFCC47B27237D2C00C399DE /* SignUp.swift */; };
/* End PBXBuildFile section */

/* Begin PBXFileReference section */
		0E4B9EF7DA012CF559A6BFB6 /* Pods-RoboWallet.release.xcconfig */ = {isa = PBXFileReference; includeInIndex = 1; lastKnownFileType = text.xcconfig; name = "Pods-RoboWallet.release.xcconfig"; path = "Target Support Files/Pods-RoboWallet/Pods-RoboWallet.release.xcconfig"; sourceTree = "<group>"; };
		13081459CB7A4E0664DDA4C4 /* Pods_RoboWallet_RoboWalletUITests.framework */ = {isa = PBXFileReference; explicitFileType = wrapper.framework; includeInIndex = 0; path = Pods_RoboWallet_RoboWalletUITests.framework; sourceTree = BUILT_PRODUCTS_DIR; };
		42641F1DE8324D03C747E8AC /* Pods-RoboWalletTests.release.xcconfig */ = {isa = PBXFileReference; includeInIndex = 1; lastKnownFileType = text.xcconfig; name = "Pods-RoboWalletTests.release.xcconfig"; path = "Target Support Files/Pods-RoboWalletTests/Pods-RoboWalletTests.release.xcconfig"; sourceTree = "<group>"; };
		4F7337E8619BDE1C2DE1BBCF /* Pods_RoboWallet.framework */ = {isa = PBXFileReference; explicitFileType = wrapper.framework; includeInIndex = 0; path = Pods_RoboWallet.framework; sourceTree = BUILT_PRODUCTS_DIR; };
		7E7D80BD3042ADC2AD3E4151 /* Pods_RoboWalletTests.framework */ = {isa = PBXFileReference; explicitFileType = wrapper.framework; includeInIndex = 0; path = Pods_RoboWalletTests.framework; sourceTree = BUILT_PRODUCTS_DIR; };
		8F2C109DB460929818E801F2 /* Pods-RoboWalletTests.debug.xcconfig */ = {isa = PBXFileReference; includeInIndex = 1; lastKnownFileType = text.xcconfig; name = "Pods-RoboWalletTests.debug.xcconfig"; path = "Target Support Files/Pods-RoboWalletTests/Pods-RoboWalletTests.debug.xcconfig"; sourceTree = "<group>"; };
		D835E7C76C47C23B7C43013B /* Pods-RoboWallet-RoboWalletUITests.release.xcconfig */ = {isa = PBXFileReference; includeInIndex = 1; lastKnownFileType = text.xcconfig; name = "Pods-RoboWallet-RoboWalletUITests.release.xcconfig"; path = "Target Support Files/Pods-RoboWallet-RoboWalletUITests/Pods-RoboWallet-RoboWalletUITests.release.xcconfig"; sourceTree = "<group>"; };
		DB31433627315DF2006E7711 /* StatisticModel.swift */ = {isa = PBXFileReference; lastKnownFileType = sourcecode.swift; path = StatisticModel.swift; sourceTree = "<group>"; };
		DB31433827315ED4006E7711 /* MarketDataService.swift */ = {isa = PBXFileReference; lastKnownFileType = sourcecode.swift; path = MarketDataService.swift; sourceTree = "<group>"; };
		DB31433A27315F25006E7711 /* MarketDataModel.swift */ = {isa = PBXFileReference; lastKnownFileType = sourcecode.swift; path = MarketDataModel.swift; sourceTree = "<group>"; };
		DB31433C27316012006E7711 /* HomeStats.swift */ = {isa = PBXFileReference; lastKnownFileType = sourcecode.swift; path = HomeStats.swift; sourceTree = "<group>"; };
		DB33B29A274E606D003E7457 /* PortfolioModel.swift */ = {isa = PBXFileReference; lastKnownFileType = sourcecode.swift; path = PortfolioModel.swift; sourceTree = "<group>"; };
		DB33B29C274E86EB003E7457 /* FirestoreService.swift */ = {isa = PBXFileReference; lastKnownFileType = sourcecode.swift; path = FirestoreService.swift; sourceTree = "<group>"; };
		DB44F4F2275143CA00CEB462 /* UIColor.swift */ = {isa = PBXFileReference; lastKnownFileType = sourcecode.swift; path = UIColor.swift; sourceTree = "<group>"; };
		DB44F4F427559E1C00CEB462 /* Wallet.swift */ = {isa = PBXFileReference; lastKnownFileType = sourcecode.swift; path = Wallet.swift; sourceTree = "<group>"; };
		DB458AEF2728681600BB2E8C /* Market.swift */ = {isa = PBXFileReference; lastKnownFileType = sourcecode.swift; path = Market.swift; sourceTree = "<group>"; };
		DB458AF127289D1100BB2E8C /* SegmentedPicker.swift */ = {isa = PBXFileReference; lastKnownFileType = sourcecode.swift; path = SegmentedPicker.swift; sourceTree = "<group>"; };
		DB4D10602729DF750016AFC9 /* CoinModel.swift */ = {isa = PBXFileReference; lastKnownFileType = sourcecode.swift; path = CoinModel.swift; sourceTree = "<group>"; };
		DB4D10632729E1340016AFC9 /* Double.swift */ = {isa = PBXFileReference; lastKnownFileType = sourcecode.swift; path = Double.swift; sourceTree = "<group>"; };
		DB4D10652729E6360016AFC9 /* CoinCard.swift */ = {isa = PBXFileReference; lastKnownFileType = sourcecode.swift; path = CoinCard.swift; sourceTree = "<group>"; };
		DB4D10682729E72C0016AFC9 /* MarketViewModel.swift */ = {isa = PBXFileReference; lastKnownFileType = sourcecode.swift; path = MarketViewModel.swift; sourceTree = "<group>"; };
		DB4D106D2729E85E0016AFC9 /* CoinDataService.swift */ = {isa = PBXFileReference; lastKnownFileType = sourcecode.swift; path = CoinDataService.swift; sourceTree = "<group>"; };
		DB4D106F2729F27B0016AFC9 /* NetworkingManager.swift */ = {isa = PBXFileReference; lastKnownFileType = sourcecode.swift; path = NetworkingManager.swift; sourceTree = "<group>"; };
		DB4D10712729F88F0016AFC9 /* CoinImageView.swift */ = {isa = PBXFileReference; lastKnownFileType = sourcecode.swift; path = CoinImageView.swift; sourceTree = "<group>"; };
		DB4D10752729FDFA0016AFC9 /* CoinImageService.swift */ = {isa = PBXFileReference; lastKnownFileType = sourcecode.swift; path = CoinImageService.swift; sourceTree = "<group>"; };
		DB4D1077272A03660016AFC9 /* CoinImageViewModel.swift */ = {isa = PBXFileReference; lastKnownFileType = sourcecode.swift; path = CoinImageViewModel.swift; sourceTree = "<group>"; };
		DB7112792727495300D8E607 /* FBUser.swift */ = {isa = PBXFileReference; lastKnownFileType = sourcecode.swift; path = FBUser.swift; sourceTree = "<group>"; };
		DB71127B2727496400D8E607 /* FBFireStore.swift */ = {isa = PBXFileReference; lastKnownFileType = sourcecode.swift; path = FBFireStore.swift; sourceTree = "<group>"; };
		DB71127D2727496D00D8E607 /* FBFireStoreError.swift */ = {isa = PBXFileReference; lastKnownFileType = sourcecode.swift; path = FBFireStoreError.swift; sourceTree = "<group>"; };
		DB71127F2727497500D8E607 /* FBKeys.swift */ = {isa = PBXFileReference; lastKnownFileType = sourcecode.swift; path = FBKeys.swift; sourceTree = "<group>"; };
		DB77E6DA27260144009AE52C /* UserInfo.swift */ = {isa = PBXFileReference; lastKnownFileType = sourcecode.swift; path = UserInfo.swift; sourceTree = "<group>"; };
		DB801E002733016700580CE6 /* AddCoin.swift */ = {isa = PBXFileReference; lastKnownFileType = sourcecode.swift; path = AddCoin.swift; sourceTree = "<group>"; };
		DB801E042733068600580CE6 /* CoinLogo.swift */ = {isa = PBXFileReference; lastKnownFileType = sourcecode.swift; path = CoinLogo.swift; sourceTree = "<group>"; };
		DB8350BA2745607F0068D307 /* HomeViewModel.swift */ = {isa = PBXFileReference; lastKnownFileType = sourcecode.swift; path = HomeViewModel.swift; sourceTree = "<group>"; };
		DB8350C727458A680068D307 /* btcGif.gif */ = {isa = PBXFileReference; lastKnownFileType = image.gif; path = btcGif.gif; sourceTree = "<group>"; };
		DB879C702762A1A3003BA697 /* SortFilterBar.swift */ = {isa = PBXFileReference; lastKnownFileType = sourcecode.swift; path = SortFilterBar.swift; sourceTree = "<group>"; };
		DB8C67B727221DFD0006BF1B /* RoboWallet.app */ = {isa = PBXFileReference; explicitFileType = wrapper.application; includeInIndex = 0; path = RoboWallet.app; sourceTree = BUILT_PRODUCTS_DIR; };
		DB8C67BA27221DFD0006BF1B /* RoboWalletApp.swift */ = {isa = PBXFileReference; lastKnownFileType = sourcecode.swift; path = RoboWalletApp.swift; sourceTree = "<group>"; };
		DB8C67BC27221DFD0006BF1B /* Login.swift */ = {isa = PBXFileReference; lastKnownFileType = sourcecode.swift; path = Login.swift; sourceTree = "<group>"; };
		DB8C67BE27221DFF0006BF1B /* Assets.xcassets */ = {isa = PBXFileReference; lastKnownFileType = folder.assetcatalog; path = Assets.xcassets; sourceTree = "<group>"; };
		DB8C67C127221DFF0006BF1B /* Preview Assets.xcassets */ = {isa = PBXFileReference; lastKnownFileType = folder.assetcatalog; path = "Preview Assets.xcassets"; sourceTree = "<group>"; };
		DBBE3AB6272751A6004A988D /* Profile.swift */ = {isa = PBXFileReference; lastKnownFileType = sourcecode.swift; path = Profile.swift; sourceTree = "<group>"; };
		DBC80EBB27273A0C00B6291F /* UserViewModel.swift */ = {isa = PBXFileReference; fileEncoding = 4; lastKnownFileType = sourcecode.swift; path = UserViewModel.swift; sourceTree = "<group>"; };
		DBC80EBD27273BB700B6291F /* SignInWithAppleButtonView.swift */ = {isa = PBXFileReference; fileEncoding = 4; lastKnownFileType = sourcecode.swift; path = SignInWithAppleButtonView.swift; sourceTree = "<group>"; };
		DBC80EBF27273C0000B6291F /* GoogleService-Info.plist */ = {isa = PBXFileReference; fileEncoding = 4; lastKnownFileType = text.plist.xml; path = "GoogleService-Info.plist"; sourceTree = "<group>"; };
		DBC80EC327273EB600B6291F /* FBAuthError.swift */ = {isa = PBXFileReference; fileEncoding = 4; lastKnownFileType = sourcecode.swift; path = FBAuthError.swift; sourceTree = "<group>"; };
		DBC80EC427273EB600B6291F /* FBAuth.swift */ = {isa = PBXFileReference; fileEncoding = 4; lastKnownFileType = sourcecode.swift; path = FBAuth.swift; sourceTree = "<group>"; };
		DBD02994275E81CF000949A6 /* WalletViewModel.swift */ = {isa = PBXFileReference; lastKnownFileType = sourcecode.swift; path = WalletViewModel.swift; sourceTree = "<group>"; };
		DBE3A836272438C600DE680A /* NavigationStep.swift */ = {isa = PBXFileReference; lastKnownFileType = sourcecode.swift; path = NavigationStep.swift; sourceTree = "<group>"; };
		DBE3A8382724456D00DE680A /* NavigationDismissStep.swift */ = {isa = PBXFileReference; lastKnownFileType = sourcecode.swift; path = NavigationDismissStep.swift; sourceTree = "<group>"; };
		DBE3A84327245ED200DE680A /* ContentView.swift */ = {isa = PBXFileReference; lastKnownFileType = sourcecode.swift; path = ContentView.swift; sourceTree = "<group>"; };
		DBE3A846272461BF00DE680A /* Home.swift */ = {isa = PBXFileReference; lastKnownFileType = sourcecode.swift; path = Home.swift; sourceTree = "<group>"; };
		DBE3A848272464DE00DE680A /* TabBarView.swift */ = {isa = PBXFileReference; lastKnownFileType = sourcecode.swift; path = TabBarView.swift; sourceTree = "<group>"; };
		DBE3A84C27247CB800DE680A /* Constants.swift */ = {isa = PBXFileReference; lastKnownFileType = sourcecode.swift; path = Constants.swift; sourceTree = "<group>"; };
		DBE3A84E2724935F00DE680A /* CoinWalletCard.swift */ = {isa = PBXFileReference; lastKnownFileType = sourcecode.swift; path = CoinWalletCard.swift; sourceTree = "<group>"; };
		DBE3A8502724C37100DE680A /* ActionCard.swift */ = {isa = PBXFileReference; lastKnownFileType = sourcecode.swift; path = ActionCard.swift; sourceTree = "<group>"; };
		DBE57E5E272DEE83005490D4 /* LocalFileManager.swift */ = {isa = PBXFileReference; lastKnownFileType = sourcecode.swift; path = LocalFileManager.swift; sourceTree = "<group>"; };
		DBE57E60272DF6A3005490D4 /* SearchBarView.swift */ = {isa = PBXFileReference; lastKnownFileType = sourcecode.swift; path = SearchBarView.swift; sourceTree = "<group>"; };
		DBE57E62272DF758005490D4 /* UIApplication.swift */ = {isa = PBXFileReference; lastKnownFileType = sourcecode.swift; path = UIApplication.swift; sourceTree = "<group>"; };
		DBF446E9274591C10088E868 /* CustomScrollView.swift */ = {isa = PBXFileReference; lastKnownFileType = sourcecode.swift; path = CustomScrollView.swift; sourceTree = "<group>"; };
		DBF446EB274593100088E868 /* HapticManager.swift */ = {isa = PBXFileReference; lastKnownFileType = sourcecode.swift; path = HapticManager.swift; sourceTree = "<group>"; };
		DBF446ED274595490088E868 /* Detail.swift */ = {isa = PBXFileReference; lastKnownFileType = sourcecode.swift; path = Detail.swift; sourceTree = "<group>"; };
		DBF446EF27459A760088E868 /* CoinDetailModel.swift */ = {isa = PBXFileReference; lastKnownFileType = sourcecode.swift; path = CoinDetailModel.swift; sourceTree = "<group>"; };
		DBF446F127459AE90088E868 /* CoinDetailViewModel.swift */ = {isa = PBXFileReference; lastKnownFileType = sourcecode.swift; path = CoinDetailViewModel.swift; sourceTree = "<group>"; };
		DBF446F327459B130088E868 /* CoinDetailDataService.swift */ = {isa = PBXFileReference; lastKnownFileType = sourcecode.swift; path = CoinDetailDataService.swift; sourceTree = "<group>"; };
		DBF446F527459D310088E868 /* Date.swift */ = {isa = PBXFileReference; lastKnownFileType = sourcecode.swift; path = Date.swift; sourceTree = "<group>"; };
		DBF446F727459DF50088E868 /* String.swift */ = {isa = PBXFileReference; lastKnownFileType = sourcecode.swift; path = String.swift; sourceTree = "<group>"; };
		DBF446F927459E1F0088E868 /* CoinChart.swift */ = {isa = PBXFileReference; lastKnownFileType = sourcecode.swift; path = CoinChart.swift; sourceTree = "<group>"; };
		DBF446FE27468FAD0088E868 /* CoinConversionService.swift */ = {isa = PBXFileReference; lastKnownFileType = sourcecode.swift; path = CoinConversionService.swift; sourceTree = "<group>"; };
		DBFCC474272332D100C399DE /* PrimaryButton.swift */ = {isa = PBXFileReference; lastKnownFileType = sourcecode.swift; path = PrimaryButton.swift; sourceTree = "<group>"; };
		DBFCC47627237C3D00C399DE /* CustomInput.swift */ = {isa = PBXFileReference; lastKnownFileType = sourcecode.swift; path = CustomInput.swift; sourceTree = "<group>"; };
		DBFCC47927237CDA00C399DE /* BlurredBackground.swift */ = {isa = PBXFileReference; lastKnownFileType = sourcecode.swift; path = BlurredBackground.swift; sourceTree = "<group>"; };
		DBFCC47B27237D2C00C399DE /* SignUp.swift */ = {isa = PBXFileReference; lastKnownFileType = sourcecode.swift; path = SignUp.swift; sourceTree = "<group>"; };
		F67DE435CC57AACAB75873B3 /* Pods-RoboWallet.debug.xcconfig */ = {isa = PBXFileReference; includeInIndex = 1; lastKnownFileType = text.xcconfig; name = "Pods-RoboWallet.debug.xcconfig"; path = "Target Support Files/Pods-RoboWallet/Pods-RoboWallet.debug.xcconfig"; sourceTree = "<group>"; };
		FB5046660D31400F9B96CBA5 /* Pods-RoboWallet-RoboWalletUITests.debug.xcconfig */ = {isa = PBXFileReference; includeInIndex = 1; lastKnownFileType = text.xcconfig; name = "Pods-RoboWallet-RoboWalletUITests.debug.xcconfig"; path = "Target Support Files/Pods-RoboWallet-RoboWalletUITests/Pods-RoboWallet-RoboWalletUITests.debug.xcconfig"; sourceTree = "<group>"; };
/* End PBXFileReference section */

/* Begin PBXFrameworksBuildPhase section */
		DB8C67B427221DFD0006BF1B /* Frameworks */ = {
			isa = PBXFrameworksBuildPhase;
			buildActionMask = 2147483647;
			files = (
				891875ACC85279C79A2E4C45 /* Pods_RoboWallet.framework in Frameworks */,
				DBE29F85276695BE00EECABA /* AlertToast in Frameworks */,
				DB7112772727488E00D8E607 /* NavigationKit in Frameworks */,
				DB8350C6274588740068D307 /* SwiftUIGIF in Frameworks */,
			);
			runOnlyForDeploymentPostprocessing = 0;
		};
/* End PBXFrameworksBuildPhase section */

/* Begin PBXGroup section */
		060C5FD388BB000DC5BB31C5 /* Pods */ = {
			isa = PBXGroup;
			children = (
				F67DE435CC57AACAB75873B3 /* Pods-RoboWallet.debug.xcconfig */,
				0E4B9EF7DA012CF559A6BFB6 /* Pods-RoboWallet.release.xcconfig */,
				FB5046660D31400F9B96CBA5 /* Pods-RoboWallet-RoboWalletUITests.debug.xcconfig */,
				D835E7C76C47C23B7C43013B /* Pods-RoboWallet-RoboWalletUITests.release.xcconfig */,
				8F2C109DB460929818E801F2 /* Pods-RoboWalletTests.debug.xcconfig */,
				42641F1DE8324D03C747E8AC /* Pods-RoboWalletTests.release.xcconfig */,
			);
			path = Pods;
			sourceTree = "<group>";
		};
		D3CECC2A4DD9D710D5ABAC1C /* Frameworks */ = {
			isa = PBXGroup;
			children = (
				4F7337E8619BDE1C2DE1BBCF /* Pods_RoboWallet.framework */,
				13081459CB7A4E0664DDA4C4 /* Pods_RoboWallet_RoboWalletUITests.framework */,
				7E7D80BD3042ADC2AD3E4151 /* Pods_RoboWalletTests.framework */,
			);
			name = Frameworks;
			sourceTree = "<group>";
		};
		DB4D105F2729DF680016AFC9 /* Models */ = {
			isa = PBXGroup;
			children = (
				DB4D10602729DF750016AFC9 /* CoinModel.swift */,
				DB33B29A274E606D003E7457 /* PortfolioModel.swift */,
				DB31433627315DF2006E7711 /* StatisticModel.swift */,
				DB31433A27315F25006E7711 /* MarketDataModel.swift */,
				DBF446EF27459A760088E868 /* CoinDetailModel.swift */,
			);
			path = Models;
			sourceTree = "<group>";
		};
		DB4D10622729E1210016AFC9 /* Extension */ = {
			isa = PBXGroup;
			children = (
				DB4D10632729E1340016AFC9 /* Double.swift */,
				DBE57E62272DF758005490D4 /* UIApplication.swift */,
				DBF446F527459D310088E868 /* Date.swift */,
				DBF446F727459DF50088E868 /* String.swift */,
				DB44F4F2275143CA00CEB462 /* UIColor.swift */,
			);
			path = Extension;
			sourceTree = "<group>";
		};
		DB4D106A2729E8290016AFC9 /* Services */ = {
			isa = PBXGroup;
			children = (
				DB4D106D2729E85E0016AFC9 /* CoinDataService.swift */,
				DB4D10752729FDFA0016AFC9 /* CoinImageService.swift */,
				DB31433827315ED4006E7711 /* MarketDataService.swift */,
				DBF446F327459B130088E868 /* CoinDetailDataService.swift */,
				DBF446FE27468FAD0088E868 /* CoinConversionService.swift */,
				DB33B29C274E86EB003E7457 /* FirestoreService.swift */,
			);
			path = Services;
			sourceTree = "<group>";
		};
		DB7112782727494700D8E607 /* Firesstore */ = {
			isa = PBXGroup;
			children = (
				DB7112792727495300D8E607 /* FBUser.swift */,
				DB71127B2727496400D8E607 /* FBFireStore.swift */,
				DB71127D2727496D00D8E607 /* FBFireStoreError.swift */,
				DB71127F2727497500D8E607 /* FBKeys.swift */,
			);
			path = Firesstore;
			sourceTree = "<group>";
		};
		DB77E6D8272600DA009AE52C /* Firebase */ = {
			isa = PBXGroup;
			children = (
				DB7112782727494700D8E607 /* Firesstore */,
				DB77E6D9272600E2009AE52C /* Auth */,
			);
			path = Firebase;
			sourceTree = "<group>";
		};
		DB77E6D9272600E2009AE52C /* Auth */ = {
			isa = PBXGroup;
			children = (
				DBC80EC427273EB600B6291F /* FBAuth.swift */,
				DBC80EC327273EB600B6291F /* FBAuthError.swift */,
				DB77E6DA27260144009AE52C /* UserInfo.swift */,
				DBC80EBB27273A0C00B6291F /* UserViewModel.swift */,
			);
			path = Auth;
			sourceTree = "<group>";
		};
		DB8C67AE27221DFD0006BF1B = {
			isa = PBXGroup;
			children = (
				DB8C67B927221DFD0006BF1B /* RoboWallet */,
				DB8C67B827221DFD0006BF1B /* Products */,
				060C5FD388BB000DC5BB31C5 /* Pods */,
				D3CECC2A4DD9D710D5ABAC1C /* Frameworks */,
			);
			sourceTree = "<group>";
		};
		DB8C67B827221DFD0006BF1B /* Products */ = {
			isa = PBXGroup;
			children = (
				DB8C67B727221DFD0006BF1B /* RoboWallet.app */,
			);
			name = Products;
			sourceTree = "<group>";
		};
		DB8C67B927221DFD0006BF1B /* RoboWallet */ = {
			isa = PBXGroup;
			children = (
				DBC80EBF27273C0000B6291F /* GoogleService-Info.plist */,
				DB4D106A2729E8290016AFC9 /* Services */,
				DB4D10622729E1210016AFC9 /* Extension */,
				DB4D105F2729DF680016AFC9 /* Models */,
				DB77E6D8272600DA009AE52C /* Firebase */,
				DBE3A8452724618B00DE680A /* Screens */,
				DBE3A8402724599D00DE680A /* Helpers */,
				DBFCC473272332A200C399DE /* Components */,
				DB8C67BA27221DFD0006BF1B /* RoboWalletApp.swift */,
				DBE3A84327245ED200DE680A /* ContentView.swift */,
				DB8C67BE27221DFF0006BF1B /* Assets.xcassets */,
				DB8350C727458A680068D307 /* btcGif.gif */,
				DB8C67C027221DFF0006BF1B /* Preview Content */,
			);
			path = RoboWallet;
			sourceTree = "<group>";
		};
		DB8C67C027221DFF0006BF1B /* Preview Content */ = {
			isa = PBXGroup;
			children = (
				DB8C67C127221DFF0006BF1B /* Preview Assets.xcassets */,
			);
			path = "Preview Content";
			sourceTree = "<group>";
		};
		DBE29F86276698F200EECABA /* Login */ = {
			isa = PBXGroup;
			children = (
				DBE29F96276699C600EECABA /* Views */,
			);
			path = Login;
			sourceTree = "<group>";
		};
		DBE29F872766990200EECABA /* SignUp */ = {
			isa = PBXGroup;
			children = (
				DBE29F95276699BC00EECABA /* Views */,
			);
			path = SignUp;
			sourceTree = "<group>";
		};
		DBE29F882766990F00EECABA /* Home */ = {
			isa = PBXGroup;
			children = (
				DBE29F93276699AE00EECABA /* Views */,
				DBE29F92276699AA00EECABA /* ViewModels */,
			);
			path = Home;
			sourceTree = "<group>";
		};
		DBE29F892766991700EECABA /* Market */ = {
			isa = PBXGroup;
			children = (
				DBE29F912766999B00EECABA /* ViewModels */,
				DBE29F902766999300EECABA /* Views */,
			);
			path = Market;
			sourceTree = "<group>";
		};
		DBE29F8A2766992400EECABA /* Wallet */ = {
			isa = PBXGroup;
			children = (
				DBE29F8F2766998700EECABA /* Views */,
				DBE29F8E2766997A00EECABA /* ViewModels */,
			);
			path = Wallet;
			sourceTree = "<group>";
		};
		DBE29F8B2766992B00EECABA /* Profile */ = {
			isa = PBXGroup;
			children = (
				DBE29F8D2766996700EECABA /* Views */,
				DBE29F8C2766995B00EECABA /* ViewModels */,
			);
			path = Profile;
			sourceTree = "<group>";
		};
		DBE29F8C2766995B00EECABA /* ViewModels */ = {
			isa = PBXGroup;
			children = (
			);
			path = ViewModels;
			sourceTree = "<group>";
		};
		DBE29F8D2766996700EECABA /* Views */ = {
			isa = PBXGroup;
			children = (
				DBBE3AB6272751A6004A988D /* Profile.swift */,
			);
			path = Views;
			sourceTree = "<group>";
		};
		DBE29F8E2766997A00EECABA /* ViewModels */ = {
			isa = PBXGroup;
			children = (
				DBD02994275E81CF000949A6 /* WalletViewModel.swift */,
			);
			path = ViewModels;
			sourceTree = "<group>";
		};
		DBE29F8F2766998700EECABA /* Views */ = {
			isa = PBXGroup;
			children = (
				DB801E002733016700580CE6 /* AddCoin.swift */,
				DB44F4F427559E1C00CEB462 /* Wallet.swift */,
			);
			path = Views;
			sourceTree = "<group>";
		};
		DBE29F902766999300EECABA /* Views */ = {
			isa = PBXGroup;
			children = (
				DB458AEF2728681600BB2E8C /* Market.swift */,
			);
			path = Views;
			sourceTree = "<group>";
		};
		DBE29F912766999B00EECABA /* ViewModels */ = {
			isa = PBXGroup;
			children = (
				DB4D10682729E72C0016AFC9 /* MarketViewModel.swift */,
			);
			path = ViewModels;
			sourceTree = "<group>";
		};
		DBE29F92276699AA00EECABA /* ViewModels */ = {
			isa = PBXGroup;
			children = (
				DB8350BA2745607F0068D307 /* HomeViewModel.swift */,
			);
			path = ViewModels;
			sourceTree = "<group>";
		};
		DBE29F93276699AE00EECABA /* Views */ = {
			isa = PBXGroup;
			children = (
				DBE3A846272461BF00DE680A /* Home.swift */,
			);
			path = Views;
			sourceTree = "<group>";
		};
		DBE29F95276699BC00EECABA /* Views */ = {
			isa = PBXGroup;
			children = (
				DBFCC47B27237D2C00C399DE /* SignUp.swift */,
			);
			path = Views;
			sourceTree = "<group>";
		};
		DBE29F96276699C600EECABA /* Views */ = {
			isa = PBXGroup;
			children = (
				DB8C67BC27221DFD0006BF1B /* Login.swift */,
			);
			path = Views;
			sourceTree = "<group>";
		};
		DBE29F9727669A0000EECABA /* CoinDetail */ = {
			isa = PBXGroup;
			children = (
				DBE29F9927669A2600EECABA /* ViewModels */,
				DBE29F9827669A2000EECABA /* Views */,
			);
			path = CoinDetail;
			sourceTree = "<group>";
		};
		DBE29F9827669A2000EECABA /* Views */ = {
			isa = PBXGroup;
			children = (
				DBF446ED274595490088E868 /* Detail.swift */,
			);
			path = Views;
			sourceTree = "<group>";
		};
		DBE29F9927669A2600EECABA /* ViewModels */ = {
			isa = PBXGroup;
			children = (
				DB4D1077272A03660016AFC9 /* CoinImageViewModel.swift */,
				DBF446F127459AE90088E868 /* CoinDetailViewModel.swift */,
			);
			path = ViewModels;
			sourceTree = "<group>";
		};
		DBE3A8402724599D00DE680A /* Helpers */ = {
			isa = PBXGroup;
			children = (
				DBE3A836272438C600DE680A /* NavigationStep.swift */,
				DBE3A8382724456D00DE680A /* NavigationDismissStep.swift */,
				DBE3A84C27247CB800DE680A /* Constants.swift */,
				DB4D106F2729F27B0016AFC9 /* NetworkingManager.swift */,
				DBE57E5E272DEE83005490D4 /* LocalFileManager.swift */,
				DBF446E9274591C10088E868 /* CustomScrollView.swift */,
				DBF446EB274593100088E868 /* HapticManager.swift */,
			);
			path = Helpers;
			sourceTree = "<group>";
		};
		DBE3A8452724618B00DE680A /* Screens */ = {
			isa = PBXGroup;
			children = (
				DBE29F9727669A0000EECABA /* CoinDetail */,
				DBE29F8B2766992B00EECABA /* Profile */,
				DBE29F8A2766992400EECABA /* Wallet */,
				DBE29F892766991700EECABA /* Market */,
				DBE29F882766990F00EECABA /* Home */,
				DBE29F872766990200EECABA /* SignUp */,
				DBE29F86276698F200EECABA /* Login */,
			);
			path = Screens;
			sourceTree = "<group>";
		};
		DBFCC473272332A200C399DE /* Components */ = {
			isa = PBXGroup;
			children = (
				DBC80EBD27273BB700B6291F /* SignInWithAppleButtonView.swift */,
				DBFCC474272332D100C399DE /* PrimaryButton.swift */,
				DBFCC47627237C3D00C399DE /* CustomInput.swift */,
				DBFCC47927237CDA00C399DE /* BlurredBackground.swift */,
				DBE3A848272464DE00DE680A /* TabBarView.swift */,
				DBE3A84E2724935F00DE680A /* CoinWalletCard.swift */,
				DBE3A8502724C37100DE680A /* ActionCard.swift */,
				DB458AF127289D1100BB2E8C /* SegmentedPicker.swift */,
				DB4D10652729E6360016AFC9 /* CoinCard.swift */,
				DB4D10712729F88F0016AFC9 /* CoinImageView.swift */,
				DBE57E60272DF6A3005490D4 /* SearchBarView.swift */,
				DB31433C27316012006E7711 /* HomeStats.swift */,
				DB801E042733068600580CE6 /* CoinLogo.swift */,
				DBF446F927459E1F0088E868 /* CoinChart.swift */,
				DB879C702762A1A3003BA697 /* SortFilterBar.swift */,
			);
			path = Components;
			sourceTree = "<group>";
		};
/* End PBXGroup section */

/* Begin PBXNativeTarget section */
		DB8C67B627221DFD0006BF1B /* RoboWallet */ = {
			isa = PBXNativeTarget;
			buildConfigurationList = DB8C67DB27221DFF0006BF1B /* Build configuration list for PBXNativeTarget "RoboWallet" */;
			buildPhases = (
				0F18B3162DAF7233DFEB8143 /* [CP] Check Pods Manifest.lock */,
				DB8C67B327221DFD0006BF1B /* Sources */,
				DB8C67B427221DFD0006BF1B /* Frameworks */,
				DB8C67B527221DFD0006BF1B /* Resources */,
				F938334543E8BDF8E7E59F6C /* [CP] Embed Pods Frameworks */,
			);
			buildRules = (
			);
			dependencies = (
			);
			name = RoboWallet;
			packageProductDependencies = (
				DB7112762727488E00D8E607 /* NavigationKit */,
				DB8350C5274588740068D307 /* SwiftUIGIF */,
				DBE29F84276695BE00EECABA /* AlertToast */,
			);
			productName = RoboWallet;
			productReference = DB8C67B727221DFD0006BF1B /* RoboWallet.app */;
			productType = "com.apple.product-type.application";
		};
/* End PBXNativeTarget section */

/* Begin PBXProject section */
		DB8C67AF27221DFD0006BF1B /* Project object */ = {
			isa = PBXProject;
			attributes = {
				BuildIndependentTargetsInParallel = 1;
				LastSwiftUpdateCheck = 1300;
				LastUpgradeCheck = 1300;
				TargetAttributes = {
					DB8C67B627221DFD0006BF1B = {
						CreatedOnToolsVersion = 13.0;
					};
				};
			};
			buildConfigurationList = DB8C67B227221DFD0006BF1B /* Build configuration list for PBXProject "RoboWallet" */;
			compatibilityVersion = "Xcode 13.0";
			developmentRegion = en;
			hasScannedForEncodings = 0;
			knownRegions = (
				en,
				Base,
			);
			mainGroup = DB8C67AE27221DFD0006BF1B;
			packageReferences = (
				DB7112752727488E00D8E607 /* XCRemoteSwiftPackageReference "NavigationKit" */,
				DB8350C4274588740068D307 /* XCRemoteSwiftPackageReference "swiftui-gif" */,
				DBE29F83276695BE00EECABA /* XCRemoteSwiftPackageReference "AlertToast" */,
			);
			productRefGroup = DB8C67B827221DFD0006BF1B /* Products */;
			projectDirPath = "";
			projectRoot = "";
			targets = (
				DB8C67B627221DFD0006BF1B /* RoboWallet */,
			);
		};
/* End PBXProject section */

/* Begin PBXResourcesBuildPhase section */
		DB8C67B527221DFD0006BF1B /* Resources */ = {
			isa = PBXResourcesBuildPhase;
			buildActionMask = 2147483647;
			files = (
				DB8C67C227221DFF0006BF1B /* Preview Assets.xcassets in Resources */,
				DB8350C827458A680068D307 /* btcGif.gif in Resources */,
				DB8C67BF27221DFF0006BF1B /* Assets.xcassets in Resources */,
				DBC80EC027273C0000B6291F /* GoogleService-Info.plist in Resources */,
			);
			runOnlyForDeploymentPostprocessing = 0;
		};
/* End PBXResourcesBuildPhase section */

/* Begin PBXShellScriptBuildPhase section */
		0F18B3162DAF7233DFEB8143 /* [CP] Check Pods Manifest.lock */ = {
			isa = PBXShellScriptBuildPhase;
			buildActionMask = 2147483647;
			files = (
			);
			inputFileListPaths = (
			);
			inputPaths = (
				"${PODS_PODFILE_DIR_PATH}/Podfile.lock",
				"${PODS_ROOT}/Manifest.lock",
			);
			name = "[CP] Check Pods Manifest.lock";
			outputFileListPaths = (
			);
			outputPaths = (
				"$(DERIVED_FILE_DIR)/Pods-RoboWallet-checkManifestLockResult.txt",
			);
			runOnlyForDeploymentPostprocessing = 0;
			shellPath = /bin/sh;
			shellScript = "diff \"${PODS_PODFILE_DIR_PATH}/Podfile.lock\" \"${PODS_ROOT}/Manifest.lock\" > /dev/null\nif [ $? != 0 ] ; then\n    # print error to STDERR\n    echo \"error: The sandbox is not in sync with the Podfile.lock. Run 'pod install' or update your CocoaPods installation.\" >&2\n    exit 1\nfi\n# This output is used by Xcode 'outputs' to avoid re-running this script phase.\necho \"SUCCESS\" > \"${SCRIPT_OUTPUT_FILE_0}\"\n";
			showEnvVarsInLog = 0;
		};
		F938334543E8BDF8E7E59F6C /* [CP] Embed Pods Frameworks */ = {
			isa = PBXShellScriptBuildPhase;
			buildActionMask = 2147483647;
			files = (
			);
			inputFileListPaths = (
				"${PODS_ROOT}/Target Support Files/Pods-RoboWallet/Pods-RoboWallet-frameworks-${CONFIGURATION}-input-files.xcfilelist",
			);
			name = "[CP] Embed Pods Frameworks";
			outputFileListPaths = (
				"${PODS_ROOT}/Target Support Files/Pods-RoboWallet/Pods-RoboWallet-frameworks-${CONFIGURATION}-output-files.xcfilelist",
			);
			runOnlyForDeploymentPostprocessing = 0;
			shellPath = /bin/sh;
			shellScript = "\"${PODS_ROOT}/Target Support Files/Pods-RoboWallet/Pods-RoboWallet-frameworks.sh\"\n";
			showEnvVarsInLog = 0;
		};
/* End PBXShellScriptBuildPhase section */

/* Begin PBXSourcesBuildPhase section */
		DB8C67B327221DFD0006BF1B /* Sources */ = {
			isa = PBXSourcesBuildPhase;
			buildActionMask = 2147483647;
			files = (
				DBFCC475272332D200C399DE /* PrimaryButton.swift in Sources */,
				DBFCC47C27237D2C00C399DE /* SignUp.swift in Sources */,
				DB458AF227289D1100BB2E8C /* SegmentedPicker.swift in Sources */,
				DB801E052733068600580CE6 /* CoinLogo.swift in Sources */,
				DB4D10692729E72C0016AFC9 /* MarketViewModel.swift in Sources */,
				DB8C67BD27221DFD0006BF1B /* Login.swift in Sources */,
				DB31433927315ED4006E7711 /* MarketDataService.swift in Sources */,
				DBBE3AB7272751A6004A988D /* Profile.swift in Sources */,
				DBE3A8512724C37100DE680A /* ActionCard.swift in Sources */,
				DBC80EC527273EB600B6291F /* FBAuthError.swift in Sources */,
				DB31433D27316012006E7711 /* HomeStats.swift in Sources */,
				DBE57E63272DF758005490D4 /* UIApplication.swift in Sources */,
				DB44F4F527559E1C00CEB462 /* Wallet.swift in Sources */,
				DBE3A847272461BF00DE680A /* Home.swift in Sources */,
				DB879C712762A1A3003BA697 /* SortFilterBar.swift in Sources */,
				DB31433B27315F25006E7711 /* MarketDataModel.swift in Sources */,
				DB8C67BB27221DFD0006BF1B /* RoboWalletApp.swift in Sources */,
				DB33B29B274E606D003E7457 /* PortfolioModel.swift in Sources */,
				DB33B29D274E86EB003E7457 /* FirestoreService.swift in Sources */,
				DBF446F027459A760088E868 /* CoinDetailModel.swift in Sources */,
				DB44F4F3275143CA00CEB462 /* UIColor.swift in Sources */,
				DBC80EBE27273BB700B6291F /* SignInWithAppleButtonView.swift in Sources */,
				DBC80EBC27273A0D00B6291F /* UserViewModel.swift in Sources */,
				DBF446EE274595490088E868 /* Detail.swift in Sources */,
				DB31433727315DF2006E7711 /* StatisticModel.swift in Sources */,
				DBF446F227459AE90088E868 /* CoinDetailViewModel.swift in Sources */,
				DBE3A84F2724935F00DE680A /* CoinWalletCard.swift in Sources */,
				DB7112802727497500D8E607 /* FBKeys.swift in Sources */,
				DB8350BB2745607F0068D307 /* HomeViewModel.swift in Sources */,
				DB71127C2727496400D8E607 /* FBFireStore.swift in Sources */,
				DBFCC47A27237CDA00C399DE /* BlurredBackground.swift in Sources */,
				DB4D10702729F27B0016AFC9 /* NetworkingManager.swift in Sources */,
				DBC80EC627273EB600B6291F /* FBAuth.swift in Sources */,
				DB71127E2727496D00D8E607 /* FBFireStoreError.swift in Sources */,
				DBD02995275E81CF000949A6 /* WalletViewModel.swift in Sources */,
				DB458AF02728681600BB2E8C /* Market.swift in Sources */,
				DB77E6DB27260145009AE52C /* UserInfo.swift in Sources */,
				DBE57E61272DF6A3005490D4 /* SearchBarView.swift in Sources */,
				DB4D1078272A03660016AFC9 /* CoinImageViewModel.swift in Sources */,
				DBF446FF27468FAD0088E868 /* CoinConversionService.swift in Sources */,
				DB4D106E2729E85E0016AFC9 /* CoinDataService.swift in Sources */,
				DBF446FA27459E1F0088E868 /* CoinChart.swift in Sources */,
				DB71127A2727495300D8E607 /* FBUser.swift in Sources */,
				DBE57E5F272DEE83005490D4 /* LocalFileManager.swift in Sources */,
				DBFCC47727237C3D00C399DE /* CustomInput.swift in Sources */,
				DBE3A84427245ED200DE680A /* ContentView.swift in Sources */,
				DBF446F627459D310088E868 /* Date.swift in Sources */,
				DB4D10722729F88F0016AFC9 /* CoinImageView.swift in Sources */,
				DB801E012733016700580CE6 /* AddCoin.swift in Sources */,
				DBE3A8392724456D00DE680A /* NavigationDismissStep.swift in Sources */,
				DBE3A837272438C600DE680A /* NavigationStep.swift in Sources */,
				DBF446F827459DF50088E868 /* String.swift in Sources */,
				DB4D10642729E1340016AFC9 /* Double.swift in Sources */,
				DBE3A84D27247CB800DE680A /* Constants.swift in Sources */,
				DBF446F427459B130088E868 /* CoinDetailDataService.swift in Sources */,
				DBF446EC274593100088E868 /* HapticManager.swift in Sources */,
				DBF446EA274591C10088E868 /* CustomScrollView.swift in Sources */,
				DB4D10662729E6360016AFC9 /* CoinCard.swift in Sources */,
				DB4D10612729DF750016AFC9 /* CoinModel.swift in Sources */,
				DBE3A849272464DE00DE680A /* TabBarView.swift in Sources */,
				DB4D10762729FDFA0016AFC9 /* CoinImageService.swift in Sources */,
			);
			runOnlyForDeploymentPostprocessing = 0;
		};
/* End PBXSourcesBuildPhase section */

/* Begin XCBuildConfiguration section */
		DB8C67D927221DFF0006BF1B /* Debug */ = {
			isa = XCBuildConfiguration;
			buildSettings = {
				ALWAYS_SEARCH_USER_PATHS = NO;
				CLANG_ANALYZER_NONNULL = YES;
				CLANG_ANALYZER_NUMBER_OBJECT_CONVERSION = YES_AGGRESSIVE;
				CLANG_CXX_LANGUAGE_STANDARD = "gnu++17";
				CLANG_CXX_LIBRARY = "libc++";
				CLANG_ENABLE_MODULES = YES;
				CLANG_ENABLE_OBJC_ARC = YES;
				CLANG_ENABLE_OBJC_WEAK = YES;
				CLANG_WARN_BLOCK_CAPTURE_AUTORELEASING = YES;
				CLANG_WARN_BOOL_CONVERSION = YES;
				CLANG_WARN_COMMA = YES;
				CLANG_WARN_CONSTANT_CONVERSION = YES;
				CLANG_WARN_DEPRECATED_OBJC_IMPLEMENTATIONS = YES;
				CLANG_WARN_DIRECT_OBJC_ISA_USAGE = YES_ERROR;
				CLANG_WARN_DOCUMENTATION_COMMENTS = YES;
				CLANG_WARN_EMPTY_BODY = YES;
				CLANG_WARN_ENUM_CONVERSION = YES;
				CLANG_WARN_INFINITE_RECURSION = YES;
				CLANG_WARN_INT_CONVERSION = YES;
				CLANG_WARN_NON_LITERAL_NULL_CONVERSION = YES;
				CLANG_WARN_OBJC_IMPLICIT_RETAIN_SELF = YES;
				CLANG_WARN_OBJC_LITERAL_CONVERSION = YES;
				CLANG_WARN_OBJC_ROOT_CLASS = YES_ERROR;
				CLANG_WARN_QUOTED_INCLUDE_IN_FRAMEWORK_HEADER = YES;
				CLANG_WARN_RANGE_LOOP_ANALYSIS = YES;
				CLANG_WARN_STRICT_PROTOTYPES = YES;
				CLANG_WARN_SUSPICIOUS_MOVE = YES;
				CLANG_WARN_UNGUARDED_AVAILABILITY = YES_AGGRESSIVE;
				CLANG_WARN_UNREACHABLE_CODE = YES;
				CLANG_WARN__DUPLICATE_METHOD_MATCH = YES;
				COPY_PHASE_STRIP = NO;
				DEBUG_INFORMATION_FORMAT = dwarf;
				ENABLE_STRICT_OBJC_MSGSEND = YES;
				ENABLE_TESTABILITY = YES;
				GCC_C_LANGUAGE_STANDARD = gnu11;
				GCC_DYNAMIC_NO_PIC = NO;
				GCC_NO_COMMON_BLOCKS = YES;
				GCC_OPTIMIZATION_LEVEL = 0;
				GCC_PREPROCESSOR_DEFINITIONS = (
					"DEBUG=1",
					"$(inherited)",
				);
				GCC_WARN_64_TO_32_BIT_CONVERSION = YES;
				GCC_WARN_ABOUT_RETURN_TYPE = YES_ERROR;
				GCC_WARN_UNDECLARED_SELECTOR = YES;
				GCC_WARN_UNINITIALIZED_AUTOS = YES_AGGRESSIVE;
				GCC_WARN_UNUSED_FUNCTION = YES;
				GCC_WARN_UNUSED_VARIABLE = YES;
				IPHONEOS_DEPLOYMENT_TARGET = 15.0;
				MTL_ENABLE_DEBUG_INFO = INCLUDE_SOURCE;
				MTL_FAST_MATH = YES;
				ONLY_ACTIVE_ARCH = YES;
				SDKROOT = iphoneos;
				SWIFT_ACTIVE_COMPILATION_CONDITIONS = DEBUG;
				SWIFT_OPTIMIZATION_LEVEL = "-Onone";
			};
			name = Debug;
		};
		DB8C67DA27221DFF0006BF1B /* Release */ = {
			isa = XCBuildConfiguration;
			buildSettings = {
				ALWAYS_SEARCH_USER_PATHS = NO;
				CLANG_ANALYZER_NONNULL = YES;
				CLANG_ANALYZER_NUMBER_OBJECT_CONVERSION = YES_AGGRESSIVE;
				CLANG_CXX_LANGUAGE_STANDARD = "gnu++17";
				CLANG_CXX_LIBRARY = "libc++";
				CLANG_ENABLE_MODULES = YES;
				CLANG_ENABLE_OBJC_ARC = YES;
				CLANG_ENABLE_OBJC_WEAK = YES;
				CLANG_WARN_BLOCK_CAPTURE_AUTORELEASING = YES;
				CLANG_WARN_BOOL_CONVERSION = YES;
				CLANG_WARN_COMMA = YES;
				CLANG_WARN_CONSTANT_CONVERSION = YES;
				CLANG_WARN_DEPRECATED_OBJC_IMPLEMENTATIONS = YES;
				CLANG_WARN_DIRECT_OBJC_ISA_USAGE = YES_ERROR;
				CLANG_WARN_DOCUMENTATION_COMMENTS = YES;
				CLANG_WARN_EMPTY_BODY = YES;
				CLANG_WARN_ENUM_CONVERSION = YES;
				CLANG_WARN_INFINITE_RECURSION = YES;
				CLANG_WARN_INT_CONVERSION = YES;
				CLANG_WARN_NON_LITERAL_NULL_CONVERSION = YES;
				CLANG_WARN_OBJC_IMPLICIT_RETAIN_SELF = YES;
				CLANG_WARN_OBJC_LITERAL_CONVERSION = YES;
				CLANG_WARN_OBJC_ROOT_CLASS = YES_ERROR;
				CLANG_WARN_QUOTED_INCLUDE_IN_FRAMEWORK_HEADER = YES;
				CLANG_WARN_RANGE_LOOP_ANALYSIS = YES;
				CLANG_WARN_STRICT_PROTOTYPES = YES;
				CLANG_WARN_SUSPICIOUS_MOVE = YES;
				CLANG_WARN_UNGUARDED_AVAILABILITY = YES_AGGRESSIVE;
				CLANG_WARN_UNREACHABLE_CODE = YES;
				CLANG_WARN__DUPLICATE_METHOD_MATCH = YES;
				COPY_PHASE_STRIP = NO;
				DEBUG_INFORMATION_FORMAT = "dwarf-with-dsym";
				ENABLE_NS_ASSERTIONS = NO;
				ENABLE_STRICT_OBJC_MSGSEND = YES;
				GCC_C_LANGUAGE_STANDARD = gnu11;
				GCC_NO_COMMON_BLOCKS = YES;
				GCC_WARN_64_TO_32_BIT_CONVERSION = YES;
				GCC_WARN_ABOUT_RETURN_TYPE = YES_ERROR;
				GCC_WARN_UNDECLARED_SELECTOR = YES;
				GCC_WARN_UNINITIALIZED_AUTOS = YES_AGGRESSIVE;
				GCC_WARN_UNUSED_FUNCTION = YES;
				GCC_WARN_UNUSED_VARIABLE = YES;
				IPHONEOS_DEPLOYMENT_TARGET = 15.0;
				MTL_ENABLE_DEBUG_INFO = NO;
				MTL_FAST_MATH = YES;
				SDKROOT = iphoneos;
				SWIFT_COMPILATION_MODE = wholemodule;
				SWIFT_OPTIMIZATION_LEVEL = "-O";
				VALIDATE_PRODUCT = YES;
			};
			name = Release;
		};
		DB8C67DC27221DFF0006BF1B /* Debug */ = {
			isa = XCBuildConfiguration;
			baseConfigurationReference = F67DE435CC57AACAB75873B3 /* Pods-RoboWallet.debug.xcconfig */;
			buildSettings = {
				ASSETCATALOG_COMPILER_APPICON_NAME = AppIcon;
				ASSETCATALOG_COMPILER_GLOBAL_ACCENT_COLOR_NAME = AccentColor;
				CODE_SIGN_STYLE = Automatic;
				CURRENT_PROJECT_VERSION = 1;
				DEVELOPMENT_ASSET_PATHS = "\"RoboWallet/Preview Content\"";
				DEVELOPMENT_TEAM = GRV5YSFBJP;
				ENABLE_PREVIEWS = YES;
				GENERATE_INFOPLIST_FILE = YES;
				INFOPLIST_KEY_UIApplicationSceneManifest_Generation = YES;
				INFOPLIST_KEY_UIApplicationSupportsIndirectInputEvents = YES;
				INFOPLIST_KEY_UILaunchScreen_Generation = YES;
				INFOPLIST_KEY_UISupportedInterfaceOrientations_iPad = "UIInterfaceOrientationPortrait UIInterfaceOrientationPortraitUpsideDown UIInterfaceOrientationLandscapeLeft UIInterfaceOrientationLandscapeRight";
				INFOPLIST_KEY_UISupportedInterfaceOrientations_iPhone = "UIInterfaceOrientationPortrait UIInterfaceOrientationLandscapeLeft UIInterfaceOrientationLandscapeRight";
				IPHONEOS_DEPLOYMENT_TARGET = 14.0;
				LD_RUNPATH_SEARCH_PATHS = (
					"$(inherited)",
					"@executable_path/Frameworks",
				);
				MARKETING_VERSION = 1.0;
				PRODUCT_BUNDLE_IDENTIFIER = com.mirzayevfarid.RoboWallet;
				PRODUCT_NAME = "$(TARGET_NAME)";
				SWIFT_EMIT_LOC_STRINGS = YES;
				SWIFT_VERSION = 5.0;
				TARGETED_DEVICE_FAMILY = "1,2";
			};
			name = Debug;
		};
		DB8C67DD27221DFF0006BF1B /* Release */ = {
			isa = XCBuildConfiguration;
			baseConfigurationReference = 0E4B9EF7DA012CF559A6BFB6 /* Pods-RoboWallet.release.xcconfig */;
			buildSettings = {
				ASSETCATALOG_COMPILER_APPICON_NAME = AppIcon;
				ASSETCATALOG_COMPILER_GLOBAL_ACCENT_COLOR_NAME = AccentColor;
				CODE_SIGN_STYLE = Automatic;
				CURRENT_PROJECT_VERSION = 1;
				DEVELOPMENT_ASSET_PATHS = "\"RoboWallet/Preview Content\"";
				DEVELOPMENT_TEAM = GRV5YSFBJP;
				ENABLE_PREVIEWS = YES;
				GENERATE_INFOPLIST_FILE = YES;
				INFOPLIST_KEY_UIApplicationSceneManifest_Generation = YES;
				INFOPLIST_KEY_UIApplicationSupportsIndirectInputEvents = YES;
				INFOPLIST_KEY_UILaunchScreen_Generation = YES;
				INFOPLIST_KEY_UISupportedInterfaceOrientations_iPad = "UIInterfaceOrientationPortrait UIInterfaceOrientationPortraitUpsideDown UIInterfaceOrientationLandscapeLeft UIInterfaceOrientationLandscapeRight";
				INFOPLIST_KEY_UISupportedInterfaceOrientations_iPhone = "UIInterfaceOrientationPortrait UIInterfaceOrientationLandscapeLeft UIInterfaceOrientationLandscapeRight";
				IPHONEOS_DEPLOYMENT_TARGET = 14.0;
				LD_RUNPATH_SEARCH_PATHS = (
					"$(inherited)",
					"@executable_path/Frameworks",
				);
				MARKETING_VERSION = 1.0;
				PRODUCT_BUNDLE_IDENTIFIER = com.mirzayevfarid.RoboWallet;
				PRODUCT_NAME = "$(TARGET_NAME)";
				SWIFT_EMIT_LOC_STRINGS = YES;
				SWIFT_VERSION = 5.0;
				TARGETED_DEVICE_FAMILY = "1,2";
			};
			name = Release;
		};
/* End XCBuildConfiguration section */

/* Begin XCConfigurationList section */
		DB8C67B227221DFD0006BF1B /* Build configuration list for PBXProject "RoboWallet" */ = {
			isa = XCConfigurationList;
			buildConfigurations = (
				DB8C67D927221DFF0006BF1B /* Debug */,
				DB8C67DA27221DFF0006BF1B /* Release */,
			);
			defaultConfigurationIsVisible = 0;
			defaultConfigurationName = Release;
		};
		DB8C67DB27221DFF0006BF1B /* Build configuration list for PBXNativeTarget "RoboWallet" */ = {
			isa = XCConfigurationList;
			buildConfigurations = (
				DB8C67DC27221DFF0006BF1B /* Debug */,
				DB8C67DD27221DFF0006BF1B /* Release */,
			);
			defaultConfigurationIsVisible = 0;
			defaultConfigurationName = Release;
		};
/* End XCConfigurationList section */

/* Begin XCRemoteSwiftPackageReference section */
		DB7112752727488E00D8E607 /* XCRemoteSwiftPackageReference "NavigationKit" */ = {
			isa = XCRemoteSwiftPackageReference;
			repositoryURL = "https://github.com/rebeloper/NavigationKit.git";
			requirement = {
				branch = main;
				kind = branch;
			};
		};
		DB8350C4274588740068D307 /* XCRemoteSwiftPackageReference "swiftui-gif" */ = {
			isa = XCRemoteSwiftPackageReference;
			repositoryURL = "https://github.com/globulus/swiftui-gif.git";
			requirement = {
				kind = upToNextMajorVersion;
				minimumVersion = 1.0.0;
			};
		};
		DBE29F83276695BE00EECABA /* XCRemoteSwiftPackageReference "AlertToast" */ = {
			isa = XCRemoteSwiftPackageReference;
			repositoryURL = "https://github.com/elai950/AlertToast.git";
			requirement = {
				kind = upToNextMajorVersion;
				minimumVersion = 1.0.0;
			};
		};
/* End XCRemoteSwiftPackageReference section */

/* Begin XCSwiftPackageProductDependency section */
		DB7112762727488E00D8E607 /* NavigationKit */ = {
			isa = XCSwiftPackageProductDependency;
			package = DB7112752727488E00D8E607 /* XCRemoteSwiftPackageReference "NavigationKit" */;
			productName = NavigationKit;
		};
		DB8350C5274588740068D307 /* SwiftUIGIF */ = {
			isa = XCSwiftPackageProductDependency;
			package = DB8350C4274588740068D307 /* XCRemoteSwiftPackageReference "swiftui-gif" */;
			productName = SwiftUIGIF;
		};
		DBE29F84276695BE00EECABA /* AlertToast */ = {
			isa = XCSwiftPackageProductDependency;
			package = DBE29F83276695BE00EECABA /* XCRemoteSwiftPackageReference "AlertToast" */;
			productName = AlertToast;
		};
/* End XCSwiftPackageProductDependency section */
	};
	rootObject = DB8C67AF27221DFD0006BF1B /* Project object */;
}
